lockVersion: 2.0.0
id: 11c8545a-deb6-44f9-ba56-e71722af6a51
management:
  docChecksum: 212bd2273c9b8279042fb22bd977068a
  docVersion: 0.2.0
  speakeasyVersion: 1.366.0
  generationVersion: 2.396.0
  releaseVersion: 0.4.0
  configChecksum: 600f6651c2bf8d84881581eb2d476d86
  repoURL: https://github.com/epilot-dev/terraform-provider-epilot-webhook.git
  repoSubDirectory: .
  published: true
features:
  terraform:
    additionalDependencies: 0.1.0
    additionalProperties: 0.1.2
    constsAndDefaults: 0.1.4
    core: 3.24.6
    deprecations: 2.81.1
    envVarSecurityUsage: 0.1.0
    globalSecurity: 2.81.8
    globalServerURLs: 2.82.1
    inputOutputModels: 2.83.0
    nullables: 0.0.0
    retries: 2.81.1
    unions: 2.81.16
generatedFiles:
  - internal/sdk/deprecated.go
  - internal/sdk/file.go
  - internal/sdk/publiclinks.go
  - internal/sdk/preview.go
  - internal/sdk/session.go
  - internal/sdk/sdk.go
  - internal/sdk/models/errors/sdkerror.go
  - internal/sdk/retry/config.go
  - internal/sdk/types/bigint.go
  - internal/sdk/types/date.go
  - internal/sdk/types/datetime.go
  - internal/sdk/types/decimal.go
  - internal/sdk/types/pointers.go
  - internal/sdk/internal/utils/contenttype.go
  - internal/sdk/internal/utils/form.go
  - internal/sdk/internal/utils/headers.go
  - internal/sdk/internal/utils/json.go
  - internal/sdk/internal/utils/pathparams.go
  - internal/sdk/internal/utils/queryparams.go
  - internal/sdk/internal/utils/requestbody.go
  - internal/sdk/internal/utils/retries.go
  - internal/sdk/internal/utils/security.go
  - internal/sdk/internal/utils/utils.go
  - internal/sdk/models/operations/savefile.go
  - internal/sdk/models/operations/uploadfile.go
  - internal/sdk/models/operations/deletefile.go
  - internal/sdk/models/operations/downloadfile.go
  - internal/sdk/models/operations/downloadfiles.go
  - internal/sdk/models/operations/downloads3file.go
  - internal/sdk/models/operations/getfile.go
  - internal/sdk/models/operations/savefilev2.go
  - internal/sdk/models/operations/uploadfilepublic.go
  - internal/sdk/models/operations/uploadfilev2.go
  - internal/sdk/models/operations/verifycustomdownloadurl.go
  - internal/sdk/models/operations/accesspubliclink.go
  - internal/sdk/models/operations/generatepubliclink.go
  - internal/sdk/models/operations/listpubliclinksforfile.go
  - internal/sdk/models/operations/revokepubliclink.go
  - internal/sdk/models/operations/previewfile.go
  - internal/sdk/models/operations/previewpublicfile.go
  - internal/sdk/models/operations/previews3file.go
  - internal/sdk/models/operations/previews3fileget.go
  - internal/sdk/models/operations/deletesession.go
  - internal/sdk/models/operations/getsession.go
  - internal/sdk/models/shared/fileentity.go
  - internal/sdk/models/shared/fileitem.go
  - internal/sdk/models/shared/s3ref.go
  - internal/sdk/models/shared/filetype.go
  - internal/sdk/models/shared/baseentityowner.go
  - internal/sdk/models/shared/baseentityacl.go
  - internal/sdk/models/shared/savefilepayload.go
  - internal/sdk/models/shared/saves3filepayload.go
  - internal/sdk/models/shared/filerelationitem.go
  - internal/sdk/models/shared/savefilefromsourceurlpayload.go
  - internal/sdk/models/shared/savecustomfilepayload.go
  - internal/sdk/models/shared/uploadfilepayload.go
  - internal/sdk/models/shared/downloadfilespayload.go
  - internal/sdk/models/shared/savefilepayloadv2.go
  - internal/sdk/models/shared/fileupload.go
  - internal/sdk/models/shared/verifycustomdownloadurlpayload.go
  - internal/sdk/models/shared/publiclink.go
  - internal/sdk/models/shared/security.go
  - internal/sdk/models/operations/options.go
  - internal/sdk/.gitattributes
  - internal/sdk/internal/hooks/hooks.go
  - examples/README.md
  - go.mod
  - go.sum
  - internal/planmodifiers/boolplanmodifier/suppress_diff.go
  - internal/planmodifiers/float64planmodifier/suppress_diff.go
  - internal/planmodifiers/int64planmodifier/suppress_diff.go
  - internal/planmodifiers/listplanmodifier/suppress_diff.go
  - internal/planmodifiers/mapplanmodifier/suppress_diff.go
  - internal/planmodifiers/numberplanmodifier/suppress_diff.go
  - internal/planmodifiers/objectplanmodifier/suppress_diff.go
  - internal/planmodifiers/setplanmodifier/suppress_diff.go
  - internal/planmodifiers/stringplanmodifier/suppress_diff.go
  - internal/planmodifiers/utils/state_check.go
  - internal/provider/reflect/diags.go
  - internal/provider/reflect/doc.go
  - internal/provider/reflect/generic_attr_value.go
  - internal/provider/reflect/helpers.go
  - internal/provider/reflect/interfaces.go
  - internal/provider/reflect/into.go
  - internal/provider/reflect/map.go
  - internal/provider/reflect/number.go
  - internal/provider/reflect/options.go
  - internal/provider/reflect/outof.go
  - internal/provider/reflect/pointer.go
  - internal/provider/reflect/primitive.go
  - internal/provider/reflect/slice.go
  - internal/provider/reflect/struct.go
  - internal/provider/utils.go
  - internal/validators/DateValidator.go
  - internal/validators/ExactlyOneChild.go
  - internal/validators/JSONParseValidator.go
  - internal/validators/RFC3339Validator.go
  - internal/validators/boolvalidators/not_null.go
  - internal/validators/float64validators/not_null.go
  - internal/validators/int64validators/not_null.go
  - internal/validators/listvalidators/not_null.go
  - internal/validators/mapvalidators/not_null.go
  - internal/validators/numbervalidators/not_null.go
  - internal/validators/objectvalidators/not_null.go
  - internal/validators/setvalidators/not_null.go
  - internal/validators/stringvalidators/not_null.go
  - main.go
  - terraform-registry-manifest.json
  - tools/tools.go
  - internal/provider/types/base_entity_acl.go
  - internal/provider/types/base_entity_owner.go
  - internal/provider/types/s3_ref.go
  - internal/provider/types/file_item.go
  - USAGE.md
  - internal/provider/provider.go
  - examples/provider/provider.tf
  - examples/resources/epilot-webhook_file/import.sh
  - internal/provider/file_resource.go
  - internal/provider/file_resource_sdk.go
  - examples/resources/epilot-webhook_file/resource.tf
  - internal/provider/file_data_source.go
  - internal/provider/file_data_source_sdk.go
  - examples/data-sources/epilot-webhook_file/data-source.tf
  - .gitattributes
