lockVersion: 2.0.0
id: 11c8545a-deb6-44f9-ba56-e71722af6a51
management:
  docChecksum: d406e174b395ffdd13c3e110f40a4478
  docVersion: 1.0.0
  speakeasyVersion: 1.477.0
  generationVersion: 2.497.0
  releaseVersion: 0.6.1
  configChecksum: a22e46cf0c7be0c9983f93c3668797a7
  repoURL: https://github.com/epilot-dev/terraform-provider-epilot-webhook.git
  repoSubDirectory: .
  published: true
features:
  terraform:
    additionalDependencies: 0.1.0
    core: 3.29.0
    deprecations: 2.81.1
    envVarSecurityUsage: 0.1.0
    globalSecurity: 2.81.9
    globalServerURLs: 2.82.1
    inputOutputModels: 2.83.0
    retries: 2.81.2
generatedFiles:
  - .gitattributes
  - USAGE.md
  - examples/README.md
  - examples/data-sources/epilot-webhook_webhook/data-source.tf
  - examples/provider/provider.tf
  - examples/resources/epilot-webhook_webhook/import.sh
  - examples/resources/epilot-webhook_webhook/resource.tf
  - go.mod
  - go.sum
  - internal/planmodifiers/boolplanmodifier/suppress_diff.go
  - internal/planmodifiers/float64planmodifier/suppress_diff.go
  - internal/planmodifiers/int64planmodifier/suppress_diff.go
  - internal/planmodifiers/listplanmodifier/suppress_diff.go
  - internal/planmodifiers/mapplanmodifier/suppress_diff.go
  - internal/planmodifiers/numberplanmodifier/suppress_diff.go
  - internal/planmodifiers/objectplanmodifier/suppress_diff.go
  - internal/planmodifiers/setplanmodifier/suppress_diff.go
  - internal/planmodifiers/stringplanmodifier/suppress_diff.go
  - internal/planmodifiers/utils/state_check.go
  - internal/provider/provider.go
  - internal/provider/reflect/diags.go
  - internal/provider/reflect/doc.go
  - internal/provider/reflect/generic_attr_value.go
  - internal/provider/reflect/helpers.go
  - internal/provider/reflect/interfaces.go
  - internal/provider/reflect/into.go
  - internal/provider/reflect/map.go
  - internal/provider/reflect/number.go
  - internal/provider/reflect/options.go
  - internal/provider/reflect/outof.go
  - internal/provider/reflect/pointer.go
  - internal/provider/reflect/primitive.go
  - internal/provider/reflect/slice.go
  - internal/provider/reflect/struct.go
  - internal/provider/types/api_key_config.go
  - internal/provider/types/auth.go
  - internal/provider/types/basic_auth_config.go
  - internal/provider/types/custom_o_auth_parameter.go
  - internal/provider/types/filter.go
  - internal/provider/types/o_auth_config.go
  - internal/provider/types/payload_configuration.go
  - internal/provider/utils.go
  - internal/provider/webhook_data_source.go
  - internal/provider/webhook_data_source_sdk.go
  - internal/provider/webhook_resource.go
  - internal/provider/webhook_resource_sdk.go
  - internal/sdk/.gitattributes
  - internal/sdk/event.go
  - internal/sdk/events.go
  - internal/sdk/internal/hooks/hooks.go
  - internal/sdk/internal/utils/contenttype.go
  - internal/sdk/internal/utils/env.go
  - internal/sdk/internal/utils/form.go
  - internal/sdk/internal/utils/headers.go
  - internal/sdk/internal/utils/json.go
  - internal/sdk/internal/utils/pathparams.go
  - internal/sdk/internal/utils/queryparams.go
  - internal/sdk/internal/utils/requestbody.go
  - internal/sdk/internal/utils/retries.go
  - internal/sdk/internal/utils/security.go
  - internal/sdk/internal/utils/utils.go
  - internal/sdk/models/errors/sdkerror.go
  - internal/sdk/models/operations/createconfig.go
  - internal/sdk/models/operations/deleteconfig.go
  - internal/sdk/models/operations/getconfig.go
  - internal/sdk/models/operations/getconfigs.go
  - internal/sdk/models/operations/getconfiguredevents.go
  - internal/sdk/models/operations/geteventbyid.go
  - internal/sdk/models/operations/getfailures.go
  - internal/sdk/models/operations/getfailuresforconfig.go
  - internal/sdk/models/operations/getwehookevents.go
  - internal/sdk/models/operations/options.go
  - internal/sdk/models/operations/replayevent.go
  - internal/sdk/models/operations/resendfailure.go
  - internal/sdk/models/operations/triggerwebhook.go
  - internal/sdk/models/operations/updateconfig.go
  - internal/sdk/models/shared/apikeyconfig.go
  - internal/sdk/models/shared/auth.go
  - internal/sdk/models/shared/authtype.go
  - internal/sdk/models/shared/basicauthconfig.go
  - internal/sdk/models/shared/customoauthparameter.go
  - internal/sdk/models/shared/errorresp.go
  - internal/sdk/models/shared/eventconfigentry.go
  - internal/sdk/models/shared/executionpayload.go
  - internal/sdk/models/shared/failureentry.go
  - internal/sdk/models/shared/failurelastkey.go
  - internal/sdk/models/shared/failuresresp.go
  - internal/sdk/models/shared/filter.go
  - internal/sdk/models/shared/httpmethod.go
  - internal/sdk/models/shared/metadata.go
  - internal/sdk/models/shared/oauthconfig.go
  - internal/sdk/models/shared/payloadconfiguration.go
  - internal/sdk/models/shared/security.go
  - internal/sdk/models/shared/triggerwebhookresp.go
  - internal/sdk/models/shared/webhookconfig.go
  - internal/sdk/models/shared/webhookevent.go
  - internal/sdk/retry/config.go
  - internal/sdk/sdk.go
  - internal/sdk/trigger.go
  - internal/sdk/types/bigint.go
  - internal/sdk/types/date.go
  - internal/sdk/types/datetime.go
  - internal/sdk/types/decimal.go
  - internal/sdk/types/pointers.go
  - internal/sdk/webhooks.go
  - internal/validators/DateValidator.go
  - internal/validators/ExactlyOneChild.go
  - internal/validators/JSONParseValidator.go
  - internal/validators/RFC3339Validator.go
  - internal/validators/boolvalidators/not_null.go
  - internal/validators/float64validators/not_null.go
  - internal/validators/int64validators/not_null.go
  - internal/validators/listvalidators/not_null.go
  - internal/validators/mapvalidators/not_null.go
  - internal/validators/numbervalidators/not_null.go
  - internal/validators/objectvalidators/not_null.go
  - internal/validators/setvalidators/not_null.go
  - internal/validators/stringvalidators/not_null.go
  - main.go
  - terraform-registry-manifest.json
  - tools/tools.go
examples:
  createConfig:
    speakeasy-default-create-config:
      requestBody:
        application/json: {"auth": {"authType": "BASIC", "basicAuthConfig": {"password": "secret7825@!", "username": "secretUsername"}}, "enabled": true, "eventName": "CustomerRequest_Created", "filter": {"keyToFilter": "customer_request.productId", "supportedValues": ["2324245", "5253642"]}, "httpMethod": "POST", "name": "<value>", "url": "https://my-partner-service.api.com"}
      responses:
        "201":
          application/json: {"auth": {"authType": "BASIC", "basicAuthConfig": {"password": "secret7825@!", "username": "secretUsername"}}, "enabled": true, "eventName": "CustomerRequest_Created", "filter": {"keyToFilter": "customer_request.productId", "supportedValues": ["2324245", "5253642"]}, "httpMethod": "POST", "name": "<value>", "url": "https://my-partner-service.api.com"}
        "400":
          application/json: {}
        "500":
          application/json: {}
  deleteConfig:
    "":
      parameters:
        path:
          configId: "CustomerRequest"
  getConfig:
    "":
      parameters:
        path:
          configId: "7hj28aasgag2gha2"
      responses:
        "200":
          application/json: {"auth": {"authType": "BASIC", "basicAuthConfig": {"password": "secret7825@!", "username": "secretUsername"}}, "enabled": true, "eventName": "CustomerRequest_Created", "filter": {"keyToFilter": "customer_request.productId", "supportedValues": ["2324245", "5253642"]}, "httpMethod": "POST", "name": "<value>", "url": "https://my-partner-service.api.com"}
        "404": {}
        "500": {}
  getConfigs:
    "":
      parameters:
        query:
          eventName: "customer_request_created"
      responses:
        "200":
          application/json: [{"auth": {"authType": "BASIC", "basicAuthConfig": {"password": "secret7825@!", "username": "secretUsername"}}, "enabled": true, "eventName": "CustomerRequest_Created", "filter": {"keyToFilter": "customer_request.productId", "supportedValues": ["2324245", "5253642"]}, "httpMethod": "POST", "name": "<value>", "url": "https://my-partner-service.api.com"}]
        "500": {}
  getConfiguredEvents:
    speakeasy-default-get-configured-events:
      responses:
        "200":
          application/json: [{"eventLabel": "Customer Request Created", "eventName": "customer_request_created"}]
  getEventById:
    "":
      parameters:
        path:
          configId: "7hj28aasgag2gha2"
          eventId: "<id>"
      responses:
        "200":
          application/json: {"created_at": "2021-04-27T12:01:13.000Z", "event_id": "<id>", "metadata": {"action": "Manual triggered by user with id 123456", "organization_id": "<id>"}, "org_id": "<id>", "webhook_config_id": "<id>"}
        "404": {}
        "500": {}
  getFailures:
    "":
      parameters:
        query:
          lastLoadedEventId: "1f143bd2-f816-4d7d-b33d-056db6e1ef7b"
          lastLoadedTimestamp: "2021:05:06T12:00:26.000Z"
      responses:
        "200":
          application/json: {"failures": [{"creationTimestamp": "2021-04-13T17:43:40.576Z", "errorCode": "502", "errorPayload": "Failed to store data", "eventId": "12e8726b-071b-4c42-9221-8caae0d14863", "eventName": "customer_request_created,", "orgId": "728", "url": "https://63b2de56be27.ngrok.io", "webhookConfigId": "kreauMGUr55nDoVviaaBLG"}, {"creationTimestamp": "2021-04-13T17:43:40.576Z", "errorCode": "404", "errorPayload": "Tunnel ef68038e3af9.ngrok.io not found", "eventId": "fc51a730-9730-4b55-8aa1-dd6d66b7e3e2", "eventName": "customer_request_created", "orgId": "728", "url": "https://ef68038e3af9.ngrok.io", "webhookConfigId": "xrExypA8HBWEtK9AXfU2de"}], "lastLoadedKey": {"creationTimestamp": "2022:01:01T00:00:00.000Z", "eventId": "fc51a730-9730-4b55-8aa1-dd6d66b7e3e2", "orgId": "6122"}}
        "400": {}
        "500": {}
  getFailuresForConfig:
    "":
      parameters:
        path:
          configId: "7hj28aasgag2gha2"
        query:
          lastLoadedEventId: "1f143bd2-f816-4d7d-b33d-056db6e1ef7b"
      responses:
        "200":
          application/json: {"failures": [{"creationTimestamp": "2021-04-13T17:43:40.576Z", "errorCode": "502", "errorPayload": "Failed to store data", "eventId": "12e8726b-071b-4c42-9221-8caae0d14863", "eventName": "customer_request_created,", "orgId": "728", "url": "https://63b2de56be27.ngrok.io", "webhookConfigId": "kreauMGUr55nDoVviaaBLG"}, {"creationTimestamp": "2021-04-13T17:43:40.576Z", "errorCode": "404", "errorPayload": "Tunnel ef68038e3af9.ngrok.io not found", "eventId": "fc51a730-9730-4b55-8aa1-dd6d66b7e3e2", "eventName": "customer_request_created", "orgId": "728", "url": "https://ef68038e3af9.ngrok.io", "webhookConfigId": "xrExypA8HBWEtK9AXfU2de"}], "lastLoadedKey": {"creationTimestamp": "2022:01:01T00:00:00.000Z", "eventId": "fc51a730-9730-4b55-8aa1-dd6d66b7e3e2", "orgId": "6122"}}
        "404": {}
        "500": {}
  getWehookEvents:
    "":
      parameters:
        path:
          configId: "7hj28aasgag2gha2"
        query:
          status: "succeeded"
      responses:
        "200":
          application/json: {"data": [{"created_at": "2021-04-27T12:01:13.000Z", "event_id": "<id>", "metadata": {"action": "Manual triggered by user with id 123456", "organization_id": "<id>"}, "org_id": "<id>", "webhook_config_id": "<id>"}, {"created_at": "2021-04-27T12:01:13.000Z", "event_id": "<id>", "metadata": {"action": "Manual triggered by user with id 123456", "organization_id": "<id>"}, "org_id": "<id>", "webhook_config_id": "<id>"}]}
        "404": {}
        "500": {}
  replayEvent:
    "":
      parameters:
        path:
          configId: "7hj28aasgag2gha2"
          eventId: "<id>"
  resendFailure:
    speakeasy-default-resend-failure:
      requestBody:
        application/json: {}
      responses:
        "401":
          application/json: {}
        "500":
          application/json: {}
  triggerWebhook:
    "":
      parameters:
        path:
          configId: "7hj28aasgag2gha2"
        query: {}
      requestBody:
        application/json: {"metadata": {"action": "Manual triggered by user with id 123456", "organization_id": "<id>"}}
  updateConfig:
    "":
      parameters:
        path:
          configId: "7hj28a"
      requestBody:
        application/json: {"auth": {"authType": "BASIC", "basicAuthConfig": {"password": "secret7825@!", "username": "secretUsername"}}, "enabled": true, "eventName": "CustomerRequest_Created", "filter": {"keyToFilter": "customer_request.productId", "supportedValues": ["2324245", "5253642"]}, "httpMethod": "POST", "name": "<value>", "url": "https://my-partner-service.api.com"}
      responses:
        "200":
          application/json: {"auth": {"authType": "BASIC", "basicAuthConfig": {"password": "secret7825@!", "username": "secretUsername"}}, "enabled": true, "eventName": "CustomerRequest_Created", "filter": {"keyToFilter": "customer_request.productId", "supportedValues": ["2324245", "5253642"]}, "httpMethod": "POST", "name": "<value>", "url": "https://my-partner-service.api.com"}
        "400": {}
        "500": {}
examplesVersion: 1.0.0
generatedTests: {}
